
Microsoft Visual Studio Solution File, Format Version 12.00
# Visual Studio Version 17
VisualStudioVersion = 17.5.002.0
MinimumVisualStudioVersion = 10.0.40219.1
Project("{9A19103F-16F7-4668-BE54-9A1E7A4F7556}") = "AT.Server", "AT.Server.csproj", "{DE7DE166-67D9-44B8-B25F-C533ADDFB371}"
EndProject
Global
	GlobalSection(SolutionConfigurationPlatforms) = preSolution
		Debug|Any CPU = Debug|Any CPU
		Release|Any CPU = Release|Any CPU
	EndGlobalSection
	GlobalSection(ProjectConfigurationPlatforms) = postSolution
		{DE7DE166-67D9-44B8-B25F-C533ADDFB371}.Debug|Any CPU.ActiveCfg = Debug|Any CPU
		{DE7DE166-67D9-44B8-B25F-C533ADDFB371}.Debug|Any CPU.Build.0 = Debug|Any CPU
		{DE7DE166-67D9-44B8-B25F-C533ADDFB371}.Release|Any CPU.ActiveCfg = Release|Any CPU
		{DE7DE166-67D9-44B8-B25F-C533ADDFB371}.Release|Any CPU.Build.0 = Release|Any CPU
	EndGlobalSection
	GlobalSection(SolutionProperties) = preSolution
		HideSolutionNode = FALSE
	EndGlobalSection
	GlobalSection(ExtensibilityGlobals) = postSolution
		SolutionGuid = {ED174A02-D49E-4A65-AE11-49197024015C}
	EndGlobalSection
EndGlobal
